// !$*UTF8*$!
{
	archiveVersion = 1;
	classes = {
	};
	objectVersion = 50;
	objects = {

/* Begin PBXBuildFile section */
		8099C4512517991900C9A4E9 /* AppDelegate.swift in Sources */ = {isa = PBXBuildFile; fileRef = 8099C4502517991900C9A4E9 /* AppDelegate.swift */; };
		8099C4532517991900C9A4E9 /* SceneDelegate.swift in Sources */ = {isa = PBXBuildFile; fileRef = 8099C4522517991900C9A4E9 /* SceneDelegate.swift */; };
		8099C4552517991900C9A4E9 /* ViewController.swift in Sources */ = {isa = PBXBuildFile; fileRef = 8099C4542517991900C9A4E9 /* ViewController.swift */; };
		8099C4582517991900C9A4E9 /* Main.storyboard in Resources */ = {isa = PBXBuildFile; fileRef = 8099C4562517991900C9A4E9 /* Main.storyboard */; };
		8099C45A2517991B00C9A4E9 /* Assets.xcassets in Resources */ = {isa = PBXBuildFile; fileRef = 8099C4592517991B00C9A4E9 /* Assets.xcassets */; };
		8099C45D2517991B00C9A4E9 /* LaunchScreen.storyboard in Resources */ = {isa = PBXBuildFile; fileRef = 8099C45B2517991B00C9A4E9 /* LaunchScreen.storyboard */; };
		8099C4682517991B00C9A4E9 /* DetectionAppTests.swift in Sources */ = {isa = PBXBuildFile; fileRef = 8099C4672517991B00C9A4E9 /* DetectionAppTests.swift */; };
/* End PBXBuildFile section */

/* Begin PBXContainerItemProxy section */
		8099C4642517991B00C9A4E9 /* PBXContainerItemProxy */ = {
			isa = PBXContainerItemProxy;
			containerPortal = 8099C4452517991900C9A4E9 /* Project object */;
			proxyType = 1;
			remoteGlobalIDString = 8099C44C2517991900C9A4E9;
			remoteInfo = DetectionApp;
		};
/* End PBXContainerItemProxy section */

/* Begin PBXFileReference section */
		8099C44D2517991900C9A4E9 /* DetectionApp.app */ = {isa = PBXFileReference; explicitFileType = wrapper.application; includeInIndex = 0; path = DetectionApp.app; sourceTree = BUILT_PRODUCTS_DIR; };
		8099C4502517991900C9A4E9 /* AppDelegate.swift */ = {isa = PBXFileReference; lastKnownFileType = sourcecode.swift; path = AppDelegate.swift; sourceTree = "<group>"; };
		8099C4522517991900C9A4E9 /* SceneDelegate.swift */ = {isa = PBXFileReference; lastKnownFileType = sourcecode.swift; path = SceneDelegate.swift; sourceTree = "<group>"; };
		8099C4542517991900C9A4E9 /* ViewController.swift */ = {isa = PBXFileReference; lastKnownFileType = sourcecode.swift; path = ViewController.swift; sourceTree = "<group>"; };
		8099C4572517991900C9A4E9 /* Base */ = {isa = PBXFileReference; lastKnownFileType = file.storyboard; name = Base; path = Base.lproj/Main.storyboard; sourceTree = "<group>"; };
		8099C4592517991B00C9A4E9 /* Assets.xcassets */ = {isa = PBXFileReference; lastKnownFileType = folder.assetcatalog; path = Assets.xcassets; sourceTree = "<group>"; };
		8099C45C2517991B00C9A4E9 /* Base */ = {isa = PBXFileReference; lastKnownFileType = file.storyboard; name = Base; path = Base.lproj/LaunchScreen.storyboard; sourceTree = "<group>"; };
		8099C45E2517991B00C9A4E9 /* Info.plist */ = {isa = PBXFileReference; lastKnownFileType = text.plist.xml; path = Info.plist; sourceTree = "<group>"; };
		8099C4632517991B00C9A4E9 /* DetectionAppTests.xctest */ = {isa = PBXFileReference; explicitFileType = wrapper.cfbundle; includeInIndex = 0; path = DetectionAppTests.xctest; sourceTree = BUILT_PRODUCTS_DIR; };
		8099C4672517991B00C9A4E9 /* DetectionAppTests.swift */ = {isa = PBXFileReference; lastKnownFileType = sourcecode.swift; path = DetectionAppTests.swift; sourceTree = "<group>"; };
		8099C4692517991B00C9A4E9 /* Info.plist */ = {isa = PBXFileReference; lastKnownFileType = text.plist.xml; path = Info.plist; sourceTree = "<group>"; };
/* End PBXFileReference section */

/* Begin PBXFrameworksBuildPhase section */
		8099C44A2517991900C9A4E9 /* Frameworks */ = {
			isa = PBXFrameworksBuildPhase;
			buildActionMask = 2147483647;
			files = (
			);
			runOnlyForDeploymentPostprocessing = 0;
		};
		8099C4602517991B00C9A4E9 /* Frameworks */ = {
			isa = PBXFrameworksBuildPhase;
			buildActionMask = 2147483647;
			files = (
			);
			runOnlyForDeploymentPostprocessing = 0;
		};
/* End PBXFrameworksBuildPhase section */

/* Begin PBXGroup section */
		8099C4442517991900C9A4E9 = {
			isa = PBXGroup;
			children = (
				8099C44F2517991900C9A4E9 /* DetectionApp */,
				8099C4662517991B00C9A4E9 /* DetectionAppTests */,
				8099C44E2517991900C9A4E9 /* Products */,
			);
			sourceTree = "<group>";
		};
		8099C44E2517991900C9A4E9 /* Products */ = {
			isa = PBXGroup;
			children = (
				8099C44D2517991900C9A4E9 /* DetectionApp.app */,
				8099C4632517991B00C9A4E9 /* DetectionAppTests.xctest */,
			);
			name = Products;
			sourceTree = "<group>";
		};
		8099C44F2517991900C9A4E9 /* DetectionApp */ = {
			isa = PBXGroup;
			children = (
				8099C4502517991900C9A4E9 /* AppDelegate.swift */,
				8099C4522517991900C9A4E9 /* SceneDelegate.swift */,
				8099C4542517991900C9A4E9 /* ViewController.swift */,
				8099C4562517991900C9A4E9 /* Main.storyboard */,
				8099C4592517991B00C9A4E9 /* Assets.xcassets */,
				8099C45B2517991B00C9A4E9 /* LaunchScreen.storyboard */,
				8099C45E2517991B00C9A4E9 /* Info.plist */,
			);
			path = DetectionApp;
			sourceTree = "<group>";
		};
		8099C4662517991B00C9A4E9 /* DetectionAppTests */ = {
			isa = PBXGroup;
			children = (
				8099C4672517991B00C9A4E9 /* DetectionAppTests.swift */,
				8099C4692517991B00C9A4E9 /* Info.plist */,
			);
			path = DetectionAppTests;
			sourceTree = "<group>";
		};
/* End PBXGroup section */

/* Begin PBXNativeTarget section */
		8099C44C2517991900C9A4E9 /* DetectionApp */ = {
			isa = PBXNativeTarget;
			buildConfigurationList = 8099C46C2517991B00C9A4E9 /* Build configuration list for PBXNativeTarget "DetectionApp" */;
			buildPhases = (
				8099C4492517991900C9A4E9 /* Sources */,
				8099C44A2517991900C9A4E9 /* Frameworks */,
				8099C44B2517991900C9A4E9 /* Resources */,
			);
			buildRules = (
			);
			dependencies = (
			);
			name = DetectionApp;
			productName = DetectionApp;
			productReference = 8099C44D2517991900C9A4E9 /* DetectionApp.app */;
			productType = "com.apple.product-type.application";
		};
		8099C4622517991B00C9A4E9 /* DetectionAppTests */ = {
			isa = PBXNativeTarget;
			buildConfigurationList = 8099C46F2517991B00C9A4E9 /* Build configuration list for PBXNativeTarget "DetectionAppTests" */;
			buildPhases = (
				8099C45F2517991B00C9A4E9 /* Sources */,
				8099C4602517991B00C9A4E9 /* Frameworks */,
				8099C4612517991B00C9A4E9 /* Resources */,
			);
			buildRules = (
			);
			dependencies = (
				8099C4652517991B00C9A4E9 /* PBXTargetDependency */,
			);
			name = DetectionAppTests;
			productName = DetectionAppTests;
			productReference = 8099C4632517991B00C9A4E9 /* DetectionAppTests.xctest */;
			productType = "com.apple.product-type.bundle.unit-test";
		};
/* End PBXNativeTarget section */

/* Begin PBXProject section */
		8099C4452517991900C9A4E9 /* Project object */ = {
			isa = PBXProject;
			attributes = {
				LastSwiftUpdateCheck = 1140;
				LastUpgradeCheck = 1140;
				ORGANIZATIONNAME = "Sue Cho";
				TargetAttributes = {
					8099C44C2517991900C9A4E9 = {
						CreatedOnToolsVersion = 11.4.1;
					};
					8099C4622517991B00C9A4E9 = {
						CreatedOnToolsVersion = 11.4.1;
						TestTargetID = 8099C44C2517991900C9A4E9;
					};
				};
			};
			buildConfigurationList = 8099C4482517991900C9A4E9 /* Build configuration list for PBXProject "DetectionApp" */;
			compatibilityVersion = "Xcode 9.3";
			developmentRegion = en;
			hasScannedForEncodings = 0;
			knownRegions = (
				en,
				Base,
			);
			mainGroup = 8099C4442517991900C9A4E9;
			productRefGroup = 8099C44E2517991900C9A4E9 /* Products */;
			projectDirPath = "";
			projectRoot = "";
			targets = (
				8099C44C2517991900C9A4E9 /* DetectionApp */,
				8099C4622517991B00C9A4E9 /* DetectionAppTests */,
			);
		};
/* End PBXProject section */

/* Begin PBXResourcesBuildPhase section */
		8099C44B2517991900C9A4E9 /* Resources */ = {
			isa = PBXResourcesBuildPhase;
			buildActionMask = 2147483647;
			files = (
				8099C45D2517991B00C9A4E9 /* LaunchScreen.storyboard in Resources */,
				8099C45A2517991B00C9A4E9 /* Assets.xcassets in Resources */,
				8099C4582517991900C9A4E9 /* Main.storyboard in Resources */,
			);
			runOnlyForDeploymentPostprocessing = 0;
		};
		8099C4612517991B00C9A4E9 /* Resources */ = {
			isa = PBXResourcesBuildPhase;
			buildActionMask = 2147483647;
			files = (
			);
			runOnlyForDeploymentPostprocessing = 0;
		};
/* End PBXResourcesBuildPhase section */

/* Begin PBXSourcesBuildPhase section */
		8099C4492517991900C9A4E9 /* Sources */ = {
			isa = PBXSourcesBuildPhase;
			buildActionMask = 2147483647;
			files = (
				8099C4552517991900C9A4E9 /* ViewController.swift in Sources */,
				8099C4512517991900C9A4E9 /* AppDelegate.swift in Sources */,
				8099C4532517991900C9A4E9 /* SceneDelegate.swift in Sources */,
			);
			runOnlyForDeploymentPostprocessing = 0;
		};
		8099C45F2517991B00C9A4E9 /* Sources */ = {
			isa = PBXSourcesBuildPhase;
			buildActionMask = 2147483647;
			files = (
				8099C4682517991B00C9A4E9 /* DetectionAppTests.swift in Sources */,
			);
			runOnlyForDeploymentPostprocessing = 0;
		};
/* End PBXSourcesBuildPhase section */

/* Begin PBXTargetDependency section */
		8099C4652517991B00C9A4E9 /* PBXTargetDependency */ = {
			isa = PBXTargetDependency;
			target = 8099C44C2517991900C9A4E9 /* DetectionApp */;
			targetProxy = 8099C4642517991B00C9A4E9 /* PBXContainerItemProxy */;
		};
/* End PBXTargetDependency section */

/* Begin PBXVariantGroup section */
		8099C4562517991900C9A4E9 /* Main.storyboard */ = {
			isa = PBXVariantGroup;
			children = (
				8099C4572517991900C9A4E9 /* Base */,
			);
			name = Main.storyboard;
			sourceTree = "<group>";
		};
		8099C45B2517991B00C9A4E9 /* LaunchScreen.storyboard */ = {
			isa = PBXVariantGroup;
			children = (
				8099C45C2517991B00C9A4E9 /* Base */,
			);
			name = LaunchScreen.storyboard;
			sourceTree = "<group>";
		};
/* End PBXVariantGroup section */

/* Begin XCBuildConfiguration section */
		8099C46A2517991B00C9A4E9 /* Debug */ = {
			isa = XCBuildConfiguration;
			buildSettings = {
				ALWAYS_SEARCH_USER_PATHS = NO;
				CLANG_ANALYZER_NONNULL = YES;
				CLANG_ANALYZER_NUMBER_OBJECT_CONVERSION = YES_AGGRESSIVE;
				CLANG_CXX_LANGUAGE_STANDARD = "gnu++14";
				CLANG_CXX_LIBRARY = "libc++";
				CLANG_ENABLE_MODULES = YES;
				CLANG_ENABLE_OBJC_ARC = YES;
				CLANG_ENABLE_OBJC_WEAK = YES;
				CLANG_WARN_BLOCK_CAPTURE_AUTORELEASING = YES;
				CLANG_WARN_BOOL_CONVERSION = YES;
				CLANG_WARN_COMMA = YES;
				CLANG_WARN_CONSTANT_CONVERSION = YES;
				CLANG_WARN_DEPRECATED_OBJC_IMPLEMENTATIONS = YES;
				CLANG_WARN_DIRECT_OBJC_ISA_USAGE = YES_ERROR;
				CLANG_WARN_DOCUMENTATION_COMMENTS = YES;
				CLANG_WARN_EMPTY_BODY = YES;
				CLANG_WARN_ENUM_CONVERSION = YES;
				CLANG_WARN_INFINITE_RECURSION = YES;
				CLANG_WARN_INT_CONVERSION = YES;
				CLANG_WARN_NON_LITERAL_NULL_CONVERSION = YES;
				CLANG_WARN_OBJC_IMPLICIT_RETAIN_SELF = YES;
				CLANG_WARN_OBJC_LITERAL_CONVERSION = YES;
				CLANG_WARN_OBJC_ROOT_CLASS = YES_ERROR;
				CLANG_WARN_RANGE_LOOP_ANALYSIS = YES;
				CLANG_WARN_STRICT_PROTOTYPES = YES;
				CLANG_WARN_SUSPICIOUS_MOVE = YES;
				CLANG_WARN_UNGUARDED_AVAILABILITY = YES_AGGRESSIVE;
				CLANG_WARN_UNREACHABLE_CODE = YES;
				CLANG_WARN__DUPLICATE_METHOD_MATCH = YES;
				COPY_PHASE_STRIP = NO;
				DEBUG_INFORMATION_FORMAT = dwarf;
				ENABLE_STRICT_OBJC_MSGSEND = YES;
				ENABLE_TESTABILITY = YES;
				GCC_C_LANGUAGE_STANDARD = gnu11;
				GCC_DYNAMIC_NO_PIC = NO;
				GCC_NO_COMMON_BLOCKS = YES;
				GCC_OPTIMIZATION_LEVEL = 0;
				GCC_PREPROCESSOR_DEFINITIONS = (
					"DEBUG=1",
					"$(inherited)",
				);
				GCC_WARN_64_TO_32_BIT_CONVERSION = YES;
				GCC_WARN_ABOUT_RETURN_TYPE = YES_ERROR;
				GCC_WARN_UNDECLARED_SELECTOR = YES;
				GCC_WARN_UNINITIALIZED_AUTOS = YES_AGGRESSIVE;
				GCC_WARN_UNUSED_FUNCTION = YES;
				GCC_WARN_UNUSED_VARIABLE = YES;
				IPHONEOS_DEPLOYMENT_TARGET = 13.4;
				MTL_ENABLE_DEBUG_INFO = INCLUDE_SOURCE;
				MTL_FAST_MATH = YES;
				ONLY_ACTIVE_ARCH = YES;
				SDKROOT = iphoneos;
				SWIFT_ACTIVE_COMPILATION_CONDITIONS = DEBUG;
				SWIFT_OPTIMIZATION_LEVEL = "-Onone";
			};
			name = Debug;
		};
		8099C46B2517991B00C9A4E9 /* Release */ = {
			isa = XCBuildConfiguration;
			buildSettings = {
				ALWAYS_SEARCH_USER_PATHS = NO;
				CLANG_ANALYZER_NONNULL = YES;
				CLANG_ANALYZER_NUMBER_OBJECT_CONVERSION = YES_AGGRESSIVE;
				CLANG_CXX_LANGUAGE_STANDARD = "gnu++14";
				CLANG_CXX_LIBRARY = "libc++";
				CLANG_ENABLE_MODULES = YES;
				CLANG_ENABLE_OBJC_ARC = YES;
				CLANG_ENABLE_OBJC_WEAK = YES;
				CLANG_WARN_BLOCK_CAPTURE_AUTORELEASING = YES;
				CLANG_WARN_BOOL_CONVERSION = YES;
				CLANG_WARN_COMMA = YES;
				CLANG_WARN_CONSTANT_CONVERSION = YES;
				CLANG_WARN_DEPRECATED_OBJC_IMPLEMENTATIONS = YES;
				CLANG_WARN_DIRECT_OBJC_ISA_USAGE = YES_ERROR;
				CLANG_WARN_DOCUMENTATION_COMMENTS = YES;
				CLANG_WARN_EMPTY_BODY = YES;
				CLANG_WARN_ENUM_CONVERSION = YES;
				CLANG_WARN_INFINITE_RECURSION = YES;
				CLANG_WARN_INT_CONVERSION = YES;
				CLANG_WARN_NON_LITERAL_NULL_CONVERSION = YES;
				CLANG_WARN_OBJC_IMPLICIT_RETAIN_SELF = YES;
				CLANG_WARN_OBJC_LITERAL_CONVERSION = YES;
				CLANG_WARN_OBJC_ROOT_CLASS = YES_ERROR;
				CLANG_WARN_RANGE_LOOP_ANALYSIS = YES;
				CLANG_WARN_STRICT_PROTOTYPES = YES;
				CLANG_WARN_SUSPICIOUS_MOVE = YES;
				CLANG_WARN_UNGUARDED_AVAILABILITY = YES_AGGRESSIVE;
				CLANG_WARN_UNREACHABLE_CODE = YES;
				CLANG_WARN__DUPLICATE_METHOD_MATCH = YES;
				COPY_PHASE_STRIP = NO;
				DEBUG_INFORMATION_FORMAT = "dwarf-with-dsym";
				ENABLE_NS_ASSERTIONS = NO;
				ENABLE_STRICT_OBJC_MSGSEND = YES;
				GCC_C_LANGUAGE_STANDARD = gnu11;
				GCC_NO_COMMON_BLOCKS = YES;
				GCC_WARN_64_TO_32_BIT_CONVERSION = YES;
				GCC_WARN_ABOUT_RETURN_TYPE = YES_ERROR;
				GCC_WARN_UNDECLARED_SELECTOR = YES;
				GCC_WARN_UNINITIALIZED_AUTOS = YES_AGGRESSIVE;
				GCC_WARN_UNUSED_FUNCTION = YES;
				GCC_WARN_UNUSED_VARIABLE = YES;
				IPHONEOS_DEPLOYMENT_TARGET = 13.4;
				MTL_ENABLE_DEBUG_INFO = NO;
				MTL_FAST_MATH = YES;
				SDKROOT = iphoneos;
				SWIFT_COMPILATION_MODE = wholemodule;
				SWIFT_OPTIMIZATION_LEVEL = "-O";
				VALIDATE_PRODUCT = YES;
			};
			name = Release;
		};
		8099C46D2517991B00C9A4E9 /* Debug */ = {
			isa = XCBuildConfiguration;
			buildSettings = {
				ASSETCATALOG_COMPILER_APPICON_NAME = AppIcon;
				CODE_SIGN_STYLE = Automatic;
				DEVELOPMENT_TEAM = JPSVCU4H4D;
				INFOPLIST_FILE = DetectionApp/Info.plist;
				LD_RUNPATH_SEARCH_PATHS = (
					"$(inherited)",
					"@executable_path/Frameworks",
				);
				PRODUCT_BUNDLE_IDENTIFIER = com.sueaty.DetectionApp;
				PRODUCT_NAME = "$(TARGET_NAME)";
				SWIFT_VERSION = 5.0;
				TARGETED_DEVICE_FAMILY = "1,2";
			};
			name = Debug;
		};
		8099C46E2517991B00C9A4E9 /* Release */ = {
			isa = XCBuildConfiguration;
			buildSettings = {
				ASSETCATALOG_COMPILER_APPICON_NAME = AppIcon;
				CODE_SIGN_STYLE = Automatic;
				DEVELOPMENT_TEAM = JPSVCU4H4D;
				INFOPLIST_FILE = DetectionApp/Info.plist;
				LD_RUNPATH_SEARCH_PATHS = (
					"$(inherited)",
					"@executable_path/Frameworks",
				);
				PRODUCT_BUNDLE_IDENTIFIER = com.sueaty.DetectionApp;
				PRODUCT_NAME = "$(TARGET_NAME)";
				SWIFT_VERSION = 5.0;
				TARGETED_DEVICE_FAMILY = "1,2";
			};
			name = Release;
		};
		8099C4702517991B00C9A4E9 /* Debug */ = {
			isa = XCBuildConfiguration;
			buildSettings = {
				ALWAYS_EMBED_SWIFT_STANDARD_LIBRARIES = YES;
				BUNDLE_LOADER = "$(TEST_HOST)";
				CODE_SIGN_STYLE = Automatic;
				DEVELOPMENT_TEAM = JPSVCU4H4D;
				INFOPLIST_FILE = DetectionAppTests/Info.plist;
				IPHONEOS_DEPLOYMENT_TARGET = 13.4;
				LD_RUNPATH_SEARCH_PATHS = (
					"$(inherited)",
					"@executable_path/Frameworks",
					"@loader_path/Frameworks",
				);
				PRODUCT_BUNDLE_IDENTIFIER = com.sueaty.DetectionAppTests;
				PRODUCT_NAME = "$(TARGET_NAME)";
				SWIFT_VERSION = 5.0;
				TARGETED_DEVICE_FAMILY = "1,2";
				TEST_HOST = "$(BUILT_PRODUCTS_DIR)/DetectionApp.app/DetectionApp";
			};
			name = Debug;
		};
		8099C4712517991B00C9A4E9 /* Release */ = {
			isa = XCBuildConfiguration;
			buildSettings = {
				ALWAYS_EMBED_SWIFT_STANDARD_LIBRARIES = YES;
				BUNDLE_LOADER = "$(TEST_HOST)";
				CODE_SIGN_STYLE = Automatic;
				DEVELOPMENT_TEAM = JPSVCU4H4D;
				INFOPLIST_FILE = DetectionAppTests/Info.plist;
				IPHONEOS_DEPLOYMENT_TARGET = 13.4;
				LD_RUNPATH_SEARCH_PATHS = (
					"$(inherited)",
					"@executable_path/Frameworks",
					"@loader_path/Frameworks",
				);
				PRODUCT_BUNDLE_IDENTIFIER = com.sueaty.DetectionAppTests;
				PRODUCT_NAME = "$(TARGET_NAME)";
				SWIFT_VERSION = 5.0;
				TARGETED_DEVICE_FAMILY = "1,2";
				TEST_HOST = "$(BUILT_PRODUCTS_DIR)/DetectionApp.app/DetectionApp";
			};
			name = Release;
		};
/* End XCBuildConfiguration section */

/* Begin XCConfigurationList section */
		8099C4482517991900C9A4E9 /* Build configuration list for PBXProject "DetectionApp" */ = {
			isa = XCConfigurationList;
			buildConfigurations = (
				8099C46A2517991B00C9A4E9 /* Debug */,
				8099C46B2517991B00C9A4E9 /* Release */,
			);
			defaultConfigurationIsVisible = 0;
			defaultConfigurationName = Release;
		};
		8099C46C2517991B00C9A4E9 /* Build configuration list for PBXNativeTarget "DetectionApp" */ = {
			isa = XCConfigurationList;
			buildConfigurations = (
				8099C46D2517991B00C9A4E9 /* Debug */,
				8099C46E2517991B00C9A4E9 /* Release */,
			);
			defaultConfigurationIsVisible = 0;
			defaultConfigurationName = Release;
		};
		8099C46F2517991B00C9A4E9 /* Build configuration list for PBXNativeTarget "DetectionAppTests" */ = {
			isa = XCConfigurationList;
			buildConfigurations = (
				8099C4702517991B00C9A4E9 /* Debug */,
				8099C4712517991B00C9A4E9 /* Release */,
			);
			defaultConfigurationIsVisible = 0;
			defaultConfigurationName = Release;
		};
/* End XCConfigurationList section */
	};
	rootObject = 8099C4452517991900C9A4E9 /* Project object */;
}
